
Microsoft Visual Studio Solution File, Format Version 12.00
# Visual Studio Version 16
VisualStudioVersion = 16.0.30011.22
MinimumVisualStudioVersion = 10.0.40219.1
Project("{FAE04EC0-301F-11D3-BF4B-00C04F79EFBC}") = "XUnit_Task", "XUnit_Task\XUnit_Task.csproj", "{04D1E48A-39FB-4133-A598-8E417CA0CE22}"
EndProject
Global
	GlobalSection(SolutionConfigurationPlatforms) = preSolution
		Debug|Any CPU = Debug|Any CPU
		Release|Any CPU = Release|Any CPU
	EndGlobalSection
	GlobalSection(ProjectConfigurationPlatforms) = postSolution
		{04D1E48A-39FB-4133-A598-8E417CA0CE22}.Debug|Any CPU.ActiveCfg = Debug|Any CPU
		{04D1E48A-39FB-4133-A598-8E417CA0CE22}.Debug|Any CPU.Build.0 = Debug|Any CPU
		{04D1E48A-39FB-4133-A598-8E417CA0CE22}.Release|Any CPU.ActiveCfg = Release|Any CPU
		{04D1E48A-39FB-4133-A598-8E417CA0CE22}.Release|Any CPU.Build.0 = Release|Any CPU
	EndGlobalSection
	GlobalSection(SolutionProperties) = preSolution
		HideSolutionNode = FALSE
	EndGlobalSection
	GlobalSection(ExtensibilityGlobals) = postSolution
		SolutionGuid = {355546FE-4403-476A-837D-A838F76678D2}
	EndGlobalSection
EndGlobal
